// !$*UTF8*$!
{
	archiveVersion = 1;
	classes = {
	};
	objectVersion = 50;
	objects = {

/* Begin PBXBuildFile section */
		F8083A342305A37200412512 /* Static_constant_file.swift in Sources */ = {isa = PBXBuildFile; fileRef = F8083A332305A37200412512 /* Static_constant_file.swift */; };
		F80BC87D23030B52000DB348 /* libary.swift in Sources */ = {isa = PBXBuildFile; fileRef = F80BC87C23030B52000DB348 /* libary.swift */; };
		F817E9C420D01319005CA942 /* AppDelegate.swift in Sources */ = {isa = PBXBuildFile; fileRef = F817E9C320D01319005CA942 /* AppDelegate.swift */; };
		F817E9C620D01319005CA942 /* ViewController.swift in Sources */ = {isa = PBXBuildFile; fileRef = F817E9C520D01319005CA942 /* ViewController.swift */; };
		F817E9C920D01319005CA942 /* Main.storyboard in Resources */ = {isa = PBXBuildFile; fileRef = F817E9C720D01319005CA942 /* Main.storyboard */; };
		F817E9CB20D0131A005CA942 /* Assets.xcassets in Resources */ = {isa = PBXBuildFile; fileRef = F817E9CA20D0131A005CA942 /* Assets.xcassets */; };
		F817E9CE20D0131A005CA942 /* LaunchScreen.storyboard in Resources */ = {isa = PBXBuildFile; fileRef = F817E9CC20D0131A005CA942 /* LaunchScreen.storyboard */; };
		F817E9D620D015E1005CA942 /* heroTableViewCell.swift in Sources */ = {isa = PBXBuildFile; fileRef = F817E9D520D015E1005CA942 /* heroTableViewCell.swift */; };
		F81C271C23006AD200C60684 /* fullImageviewViewController.swift in Sources */ = {isa = PBXBuildFile; fileRef = F81C271B23006AD200C60684 /* fullImageviewViewController.swift */; };
		F889A89A230C4E7600091B98 /* itemCollectionViewCell.swift in Sources */ = {isa = PBXBuildFile; fileRef = F889A898230C4E7600091B98 /* itemCollectionViewCell.swift */; };
		F889A89B230C4E7600091B98 /* itemCollectionViewCell.xib in Resources */ = {isa = PBXBuildFile; fileRef = F889A899230C4E7600091B98 /* itemCollectionViewCell.xib */; };
		F8D03249210DC65B00F97F76 /* DataModel.swift in Sources */ = {isa = PBXBuildFile; fileRef = F8D03248210DC65B00F97F76 /* DataModel.swift */; };
		F8D0324C210E108500F97F76 /* extension_File.swift in Sources */ = {isa = PBXBuildFile; fileRef = F8D0324B210E108500F97F76 /* extension_File.swift */; };
		F8DEE4502307F6DC00A82AF1 /* mydefineCell.swift in Sources */ = {isa = PBXBuildFile; fileRef = F8DEE44E2307F6DC00A82AF1 /* mydefineCell.swift */; };
		F8DEE4512307F6DC00A82AF1 /* mydefineCell.xib in Resources */ = {isa = PBXBuildFile; fileRef = F8DEE44F2307F6DC00A82AF1 /* mydefineCell.xib */; };
/* End PBXBuildFile section */

/* Begin PBXFileReference section */
		F8083A332305A37200412512 /* Static_constant_file.swift */ = {isa = PBXFileReference; lastKnownFileType = sourcecode.swift; path = Static_constant_file.swift; sourceTree = "<group>"; };
		F80BC87C23030B52000DB348 /* libary.swift */ = {isa = PBXFileReference; lastKnownFileType = sourcecode.swift; path = libary.swift; sourceTree = "<group>"; };
		F817E9C020D01319005CA942 /* 20180612_TableviewWithUISearchbar.app */ = {isa = PBXFileReference; explicitFileType = wrapper.application; includeInIndex = 0; path = 20180612_TableviewWithUISearchbar.app; sourceTree = BUILT_PRODUCTS_DIR; };
		F817E9C320D01319005CA942 /* AppDelegate.swift */ = {isa = PBXFileReference; lastKnownFileType = sourcecode.swift; path = AppDelegate.swift; sourceTree = "<group>"; };
		F817E9C520D01319005CA942 /* ViewController.swift */ = {isa = PBXFileReference; lastKnownFileType = sourcecode.swift; path = ViewController.swift; sourceTree = "<group>"; };
		F817E9C820D01319005CA942 /* Base */ = {isa = PBXFileReference; lastKnownFileType = file.storyboard; name = Base; path = Base.lproj/Main.storyboard; sourceTree = "<group>"; };
		F817E9CA20D0131A005CA942 /* Assets.xcassets */ = {isa = PBXFileReference; lastKnownFileType = folder.assetcatalog; path = Assets.xcassets; sourceTree = "<group>"; };
		F817E9CD20D0131A005CA942 /* Base */ = {isa = PBXFileReference; lastKnownFileType = file.storyboard; name = Base; path = Base.lproj/LaunchScreen.storyboard; sourceTree = "<group>"; };
		F817E9CF20D0131A005CA942 /* Info.plist */ = {isa = PBXFileReference; lastKnownFileType = text.plist.xml; path = Info.plist; sourceTree = "<group>"; };
		F817E9D520D015E1005CA942 /* heroTableViewCell.swift */ = {isa = PBXFileReference; lastKnownFileType = sourcecode.swift; path = heroTableViewCell.swift; sourceTree = "<group>"; };
		F81C271B23006AD200C60684 /* fullImageviewViewController.swift */ = {isa = PBXFileReference; lastKnownFileType = sourcecode.swift; path = fullImageviewViewController.swift; sourceTree = "<group>"; };
		F889A898230C4E7600091B98 /* itemCollectionViewCell.swift */ = {isa = PBXFileReference; lastKnownFileType = sourcecode.swift; path = itemCollectionViewCell.swift; sourceTree = "<group>"; };
		F889A899230C4E7600091B98 /* itemCollectionViewCell.xib */ = {isa = PBXFileReference; lastKnownFileType = file.xib; path = itemCollectionViewCell.xib; sourceTree = "<group>"; };
		F8D03248210DC65B00F97F76 /* DataModel.swift */ = {isa = PBXFileReference; lastKnownFileType = sourcecode.swift; path = DataModel.swift; sourceTree = "<group>"; };
		F8D0324B210E108500F97F76 /* extension_File.swift */ = {isa = PBXFileReference; lastKnownFileType = sourcecode.swift; path = extension_File.swift; sourceTree = "<group>"; };
		F8DEE44E2307F6DC00A82AF1 /* mydefineCell.swift */ = {isa = PBXFileReference; lastKnownFileType = sourcecode.swift; path = mydefineCell.swift; sourceTree = "<group>"; };
		F8DEE44F2307F6DC00A82AF1 /* mydefineCell.xib */ = {isa = PBXFileReference; lastKnownFileType = file.xib; path = mydefineCell.xib; sourceTree = "<group>"; };
/* End PBXFileReference section */

/* Begin PBXFrameworksBuildPhase section */
		F817E9BD20D01319005CA942 /* Frameworks */ = {
			isa = PBXFrameworksBuildPhase;
			buildActionMask = 2147483647;
			files = (
			);
			runOnlyForDeploymentPostprocessing = 0;
		};
/* End PBXFrameworksBuildPhase section */

/* Begin PBXGroup section */
		F817E9B720D01319005CA942 = {
			isa = PBXGroup;
			children = (
				F8D0324A210E105B00F97F76 /* extension */,
				F817E9C220D01319005CA942 /* 20180612_TableviewWithUISearchbar */,
				F817E9C120D01319005CA942 /* Products */,
			);
			sourceTree = "<group>";
		};
		F817E9C120D01319005CA942 /* Products */ = {
			isa = PBXGroup;
			children = (
				F817E9C020D01319005CA942 /* 20180612_TableviewWithUISearchbar.app */,
			);
			name = Products;
			sourceTree = "<group>";
		};
		F817E9C220D01319005CA942 /* 20180612_TableviewWithUISearchbar */ = {
			isa = PBXGroup;
			children = (
				F889A898230C4E7600091B98 /* itemCollectionViewCell.swift */,
				F889A899230C4E7600091B98 /* itemCollectionViewCell.xib */,
				F817E9C320D01319005CA942 /* AppDelegate.swift */,
				F8D03248210DC65B00F97F76 /* DataModel.swift */,
				F817E9C520D01319005CA942 /* ViewController.swift */,
				F81C271B23006AD200C60684 /* fullImageviewViewController.swift */,
				F817E9D520D015E1005CA942 /* heroTableViewCell.swift */,
				F8DEE44E2307F6DC00A82AF1 /* mydefineCell.swift */,
				F8DEE44F2307F6DC00A82AF1 /* mydefineCell.xib */,
				F817E9C720D01319005CA942 /* Main.storyboard */,
				F817E9CA20D0131A005CA942 /* Assets.xcassets */,
				F817E9CC20D0131A005CA942 /* LaunchScreen.storyboard */,
				F817E9CF20D0131A005CA942 /* Info.plist */,
			);
			path = 20180612_TableviewWithUISearchbar;
			sourceTree = "<group>";
		};
		F8D0324A210E105B00F97F76 /* extension */ = {
			isa = PBXGroup;
			children = (
				F80BC87C23030B52000DB348 /* libary.swift */,
				F8D0324B210E108500F97F76 /* extension_File.swift */,
				F8083A332305A37200412512 /* Static_constant_file.swift */,
			);
			path = extension;
			sourceTree = "<group>";
		};
/* End PBXGroup section */

/* Begin PBXNativeTarget section */
		F817E9BF20D01319005CA942 /* 20180612_TableviewWithUISearchbar */ = {
			isa = PBXNativeTarget;
			buildConfigurationList = F817E9D220D0131A005CA942 /* Build configuration list for PBXNativeTarget "20180612_TableviewWithUISearchbar" */;
			buildPhases = (
				F817E9BC20D01319005CA942 /* Sources */,
				F817E9BD20D01319005CA942 /* Frameworks */,
				F817E9BE20D01319005CA942 /* Resources */,
			);
			buildRules = (
			);
			dependencies = (
			);
			name = 20180612_TableviewWithUISearchbar;
			productName = 20180612_TableviewWithUISearchbar;
			productReference = F817E9C020D01319005CA942 /* 20180612_TableviewWithUISearchbar.app */;
			productType = "com.apple.product-type.application";
		};
/* End PBXNativeTarget section */

/* Begin PBXProject section */
		F817E9B820D01319005CA942 /* Project object */ = {
			isa = PBXProject;
			attributes = {
				LastSwiftUpdateCheck = 0940;
				LastUpgradeCheck = 0940;
				ORGANIZATIONNAME = "chen hsin hung";
				TargetAttributes = {
					F817E9BF20D01319005CA942 = {
						CreatedOnToolsVersion = 9.4;
						LastSwiftMigration = 1020;
					};
				};
			};
			buildConfigurationList = F817E9BB20D01319005CA942 /* Build configuration list for PBXProject "20180612_TableviewWithUISearchbar" */;
			compatibilityVersion = "Xcode 9.3";
			developmentRegion = en;
			hasScannedForEncodings = 0;
			knownRegions = (
				en,
				Base,
			);
			mainGroup = F817E9B720D01319005CA942;
			productRefGroup = F817E9C120D01319005CA942 /* Products */;
			projectDirPath = "";
			projectRoot = "";
			targets = (
				F817E9BF20D01319005CA942 /* 20180612_TableviewWithUISearchbar */,
			);
		};
/* End PBXProject section */

/* Begin PBXResourcesBuildPhase section */
		F817E9BE20D01319005CA942 /* Resources */ = {
			isa = PBXResourcesBuildPhase;
			buildActionMask = 2147483647;
			files = (
				F817E9CE20D0131A005CA942 /* LaunchScreen.storyboard in Resources */,
				F817E9CB20D0131A005CA942 /* Assets.xcassets in Resources */,
				F889A89B230C4E7600091B98 /* itemCollectionViewCell.xib in Resources */,
				F8DEE4512307F6DC00A82AF1 /* mydefineCell.xib in Resources */,
				F817E9C920D01319005CA942 /* Main.storyboard in Resources */,
			);
			runOnlyForDeploymentPostprocessing = 0;
		};
/* End PBXResourcesBuildPhase section */

/* Begin PBXSourcesBuildPhase section */
		F817E9BC20D01319005CA942 /* Sources */ = {
			isa = PBXSourcesBuildPhase;
			buildActionMask = 2147483647;
			files = (
				F81C271C23006AD200C60684 /* fullImageviewViewController.swift in Sources */,
				F817E9D620D015E1005CA942 /* heroTableViewCell.swift in Sources */,
				F8D03249210DC65B00F97F76 /* DataModel.swift in Sources */,
				F889A89A230C4E7600091B98 /* itemCollectionViewCell.swift in Sources */,
				F817E9C620D01319005CA942 /* ViewController.swift in Sources */,
				F817E9C420D01319005CA942 /* AppDelegate.swift in Sources */,
				F8083A342305A37200412512 /* Static_constant_file.swift in Sources */,
				F80BC87D23030B52000DB348 /* libary.swift in Sources */,
				F8D0324C210E108500F97F76 /* extension_File.swift in Sources */,
				F8DEE4502307F6DC00A82AF1 /* mydefineCell.swift in Sources */,
			);
			runOnlyForDeploymentPostprocessing = 0;
		};
/* End PBXSourcesBuildPhase section */

/* Begin PBXVariantGroup section */
		F817E9C720D01319005CA942 /* Main.storyboard */ = {
			isa = PBXVariantGroup;
			children = (
				F817E9C820D01319005CA942 /* Base */,
			);
			name = Main.storyboard;
			sourceTree = "<group>";
		};
		F817E9CC20D0131A005CA942 /* LaunchScreen.storyboard */ = {
			isa = PBXVariantGroup;
			children = (
				F817E9CD20D0131A005CA942 /* Base */,
			);
			name = LaunchScreen.storyboard;
			sourceTree = "<group>";
		};
/* End PBXVariantGroup section */

/* Begin XCBuildConfiguration section */
		F817E9D020D0131A005CA942 /* Debug */ = {
			isa = XCBuildConfiguration;
			buildSettings = {
				ALWAYS_SEARCH_USER_PATHS = NO;
				CLANG_ANALYZER_NONNULL = YES;
				CLANG_ANALYZER_NUMBER_OBJECT_CONVERSION = YES_AGGRESSIVE;
				CLANG_CXX_LANGUAGE_STANDARD = "gnu++14";
				CLANG_CXX_LIBRARY = "libc++";
				CLANG_ENABLE_MODULES = YES;
				CLANG_ENABLE_OBJC_ARC = YES;
				CLANG_ENABLE_OBJC_WEAK = YES;
				CLANG_WARN_BLOCK_CAPTURE_AUTORELEASING = YES;
				CLANG_WARN_BOOL_CONVERSION = YES;
				CLANG_WARN_COMMA = YES;
				CLANG_WARN_CONSTANT_CONVERSION = YES;
				CLANG_WARN_DEPRECATED_OBJC_IMPLEMENTATIONS = YES;
				CLANG_WARN_DIRECT_OBJC_ISA_USAGE = YES_ERROR;
				CLANG_WARN_DOCUMENTATION_COMMENTS = YES;
				CLANG_WARN_EMPTY_BODY = YES;
				CLANG_WARN_ENUM_CONVERSION = YES;
				CLANG_WARN_INFINITE_RECURSION = YES;
				CLANG_WARN_INT_CONVERSION = YES;
				CLANG_WARN_NON_LITERAL_NULL_CONVERSION = YES;
				CLANG_WARN_OBJC_IMPLICIT_RETAIN_SELF = YES;
				CLANG_WARN_OBJC_LITERAL_CONVERSION = YES;
				CLANG_WARN_OBJC_ROOT_CLASS = YES_ERROR;
				CLANG_WARN_RANGE_LOOP_ANALYSIS = YES;
				CLANG_WARN_STRICT_PROTOTYPES = YES;
				CLANG_WARN_SUSPICIOUS_MOVE = YES;
				CLANG_WARN_UNGUARDED_AVAILABILITY = YES_AGGRESSIVE;
				CLANG_WARN_UNREACHABLE_CODE = YES;
				CLANG_WARN__DUPLICATE_METHOD_MATCH = YES;
				CODE_SIGN_IDENTITY = "iPhone Developer";
				COPY_PHASE_STRIP = NO;
				DEBUG_INFORMATION_FORMAT = dwarf;
				ENABLE_STRICT_OBJC_MSGSEND = YES;
				ENABLE_TESTABILITY = YES;
				GCC_C_LANGUAGE_STANDARD = gnu11;
				GCC_DYNAMIC_NO_PIC = NO;
				GCC_NO_COMMON_BLOCKS = YES;
				GCC_OPTIMIZATION_LEVEL = 0;
				GCC_PREPROCESSOR_DEFINITIONS = (
					"DEBUG=1",
					"$(inherited)",
				);
				GCC_WARN_64_TO_32_BIT_CONVERSION = YES;
				GCC_WARN_ABOUT_RETURN_TYPE = YES_ERROR;
				GCC_WARN_UNDECLARED_SELECTOR = YES;
				GCC_WARN_UNINITIALIZED_AUTOS = YES_AGGRESSIVE;
				GCC_WARN_UNUSED_FUNCTION = YES;
				GCC_WARN_UNUSED_VARIABLE = YES;
				IPHONEOS_DEPLOYMENT_TARGET = 11.4;
				MTL_ENABLE_DEBUG_INFO = YES;
				ONLY_ACTIVE_ARCH = YES;
				SDKROOT = iphoneos;
				SWIFT_ACTIVE_COMPILATION_CONDITIONS = DEBUG;
				SWIFT_OPTIMIZATION_LEVEL = "-Onone";
			};
			name = Debug;
		};
		F817E9D120D0131A005CA942 /* Release */ = {
			isa = XCBuildConfiguration;
			buildSettings = {
				ALWAYS_SEARCH_USER_PATHS = NO;
				CLANG_ANALYZER_NONNULL = YES;
				CLANG_ANALYZER_NUMBER_OBJECT_CONVERSION = YES_AGGRESSIVE;
				CLANG_CXX_LANGUAGE_STANDARD = "gnu++14";
				CLANG_CXX_LIBRARY = "libc++";
				CLANG_ENABLE_MODULES = YES;
				CLANG_ENABLE_OBJC_ARC = YES;
				CLANG_ENABLE_OBJC_WEAK = YES;
				CLANG_WARN_BLOCK_CAPTURE_AUTORELEASING = YES;
				CLANG_WARN_BOOL_CONVERSION = YES;
				CLANG_WARN_COMMA = YES;
				CLANG_WARN_CONSTANT_CONVERSION = YES;
				CLANG_WARN_DEPRECATED_OBJC_IMPLEMENTATIONS = YES;
				CLANG_WARN_DIRECT_OBJC_ISA_USAGE = YES_ERROR;
				CLANG_WARN_DOCUMENTATION_COMMENTS = YES;
				CLANG_WARN_EMPTY_BODY = YES;
				CLANG_WARN_ENUM_CONVERSION = YES;
				CLANG_WARN_INFINITE_RECURSION = YES;
				CLANG_WARN_INT_CONVERSION = YES;
				CLANG_WARN_NON_LITERAL_NULL_CONVERSION = YES;
				CLANG_WARN_OBJC_IMPLICIT_RETAIN_SELF = YES;
				CLANG_WARN_OBJC_LITERAL_CONVERSION = YES;
				CLANG_WARN_OBJC_ROOT_CLASS = YES_ERROR;
				CLANG_WARN_RANGE_LOOP_ANALYSIS = YES;
				CLANG_WARN_STRICT_PROTOTYPES = YES;
				CLANG_WARN_SUSPICIOUS_MOVE = YES;
				CLANG_WARN_UNGUARDED_AVAILABILITY = YES_AGGRESSIVE;
				CLANG_WARN_UNREACHABLE_CODE = YES;
				CLANG_WARN__DUPLICATE_METHOD_MATCH = YES;
				CODE_SIGN_IDENTITY = "iPhone Developer";
				COPY_PHASE_STRIP = NO;
				DEBUG_INFORMATION_FORMAT = "dwarf-with-dsym";
				ENABLE_NS_ASSERTIONS = NO;
				ENABLE_STRICT_OBJC_MSGSEND = YES;
				GCC_C_LANGUAGE_STANDARD = gnu11;
				GCC_NO_COMMON_BLOCKS = YES;
				GCC_WARN_64_TO_32_BIT_CONVERSION = YES;
				GCC_WARN_ABOUT_RETURN_TYPE = YES_ERROR;
				GCC_WARN_UNDECLARED_SELECTOR = YES;
				GCC_WARN_UNINITIALIZED_AUTOS = YES_AGGRESSIVE;
				GCC_WARN_UNUSED_FUNCTION = YES;
				GCC_WARN_UNUSED_VARIABLE = YES;
				IPHONEOS_DEPLOYMENT_TARGET = 11.4;
				MTL_ENABLE_DEBUG_INFO = NO;
				SDKROOT = iphoneos;
				SWIFT_COMPILATION_MODE = wholemodule;
				SWIFT_OPTIMIZATION_LEVEL = "-O";
				VALIDATE_PRODUCT = YES;
			};
			name = Release;
		};
		F817E9D320D0131A005CA942 /* Debug */ = {
			isa = XCBuildConfiguration;
			buildSettings = {
				ASSETCATALOG_COMPILER_APPICON_NAME = AppIcon;
				CODE_SIGN_STYLE = Automatic;
				DEVELOPMENT_TEAM = 5DVD73DRC4;
				INFOPLIST_FILE = 20180612_TableviewWithUISearchbar/Info.plist;
				LD_RUNPATH_SEARCH_PATHS = (
					"$(inherited)",
					"@executable_path/Frameworks",
				);
				PRODUCT_BUNDLE_IDENTIFIER = "test.-0180612-TableviewWithUISearchbar";
				PRODUCT_NAME = "$(TARGET_NAME)";
				SWIFT_VERSION = 4.2;
				TARGETED_DEVICE_FAMILY = "1,2";
			};
			name = Debug;
		};
		F817E9D420D0131A005CA942 /* Release */ = {
			isa = XCBuildConfiguration;
			buildSettings = {
				ASSETCATALOG_COMPILER_APPICON_NAME = AppIcon;
				CODE_SIGN_STYLE = Automatic;
				DEVELOPMENT_TEAM = 5DVD73DRC4;
				INFOPLIST_FILE = 20180612_TableviewWithUISearchbar/Info.plist;
				LD_RUNPATH_SEARCH_PATHS = (
					"$(inherited)",
					"@executable_path/Frameworks",
				);
				PRODUCT_BUNDLE_IDENTIFIER = "test.-0180612-TableviewWithUISearchbar";
				PRODUCT_NAME = "$(TARGET_NAME)";
				SWIFT_VERSION = 4.2;
				TARGETED_DEVICE_FAMILY = "1,2";
			};
			name = Release;
		};
/* End XCBuildConfiguration section */

/* Begin XCConfigurationList section */
		F817E9BB20D01319005CA942 /* Build configuration list for PBXProject "20180612_TableviewWithUISearchbar" */ = {
			isa = XCConfigurationList;
			buildConfigurations = (
				F817E9D020D0131A005CA942 /* Debug */,
				F817E9D120D0131A005CA942 /* Release */,
			);
			defaultConfigurationIsVisible = 0;
			defaultConfigurationName = Release;
		};
		F817E9D220D0131A005CA942 /* Build configuration list for PBXNativeTarget "20180612_TableviewWithUISearchbar" */ = {
			isa = XCConfigurationList;
			buildConfigurations = (
				F817E9D320D0131A005CA942 /* Debug */,
				F817E9D420D0131A005CA942 /* Release */,
			);
			defaultConfigurationIsVisible = 0;
			defaultConfigurationName = Release;
		};
/* End XCConfigurationList section */
	};
	rootObject = F817E9B820D01319005CA942 /* Project object */;
}
